
Microsoft Visual Studio Solution File, Format Version 12.00
# Visual Studio Version 17
VisualStudioVersion = 17.7.34009.444
MinimumVisualStudioVersion = 10.0.40219.1
Project("{FAE04EC0-301F-11D3-BF4B-00C04F79EFBC}") = "LogLevels", "LogLevels\LogLevels.csproj", "{2C6719C4-9F13-41E0-B681-35716EA19CF6}"
EndProject
Project("{FAE04EC0-301F-11D3-BF4B-00C04F79EFBC}") = "LogCategories", "LogCategories\LogCategories.csproj", "{8C8AA860-B985-4283-9B73-ADE72C49F485}"
EndProject
Project("{FAE04EC0-301F-11D3-BF4B-00C04F79EFBC}") = "LogProviders", "LogProviders\LogProviders.csproj", "{6540F6FE-D043-431C-A752-0E79D8F6C45A}"
EndProject
Global
	GlobalSection(SolutionConfigurationPlatforms) = preSolution
		Debug|Any CPU = Debug|Any CPU
		Release|Any CPU = Release|Any CPU
	EndGlobalSection
	GlobalSection(ProjectConfigurationPlatforms) = postSolution
		{2C6719C4-9F13-41E0-B681-35716EA19CF6}.Debug|Any CPU.ActiveCfg = Debug|Any CPU
		{2C6719C4-9F13-41E0-B681-35716EA19CF6}.Debug|Any CPU.Build.0 = Debug|Any CPU
		{2C6719C4-9F13-41E0-B681-35716EA19CF6}.Release|Any CPU.ActiveCfg = Release|Any CPU
		{2C6719C4-9F13-41E0-B681-35716EA19CF6}.Release|Any CPU.Build.0 = Release|Any CPU
		{8C8AA860-B985-4283-9B73-ADE72C49F485}.Debug|Any CPU.ActiveCfg = Debug|Any CPU
		{8C8AA860-B985-4283-9B73-ADE72C49F485}.Debug|Any CPU.Build.0 = Debug|Any CPU
		{8C8AA860-B985-4283-9B73-ADE72C49F485}.Release|Any CPU.ActiveCfg = Release|Any CPU
		{8C8AA860-B985-4283-9B73-ADE72C49F485}.Release|Any CPU.Build.0 = Release|Any CPU
		{6540F6FE-D043-431C-A752-0E79D8F6C45A}.Debug|Any CPU.ActiveCfg = Debug|Any CPU
		{6540F6FE-D043-431C-A752-0E79D8F6C45A}.Debug|Any CPU.Build.0 = Debug|Any CPU
		{6540F6FE-D043-431C-A752-0E79D8F6C45A}.Release|Any CPU.ActiveCfg = Release|Any CPU
		{6540F6FE-D043-431C-A752-0E79D8F6C45A}.Release|Any CPU.Build.0 = Release|Any CPU
	EndGlobalSection
	GlobalSection(SolutionProperties) = preSolution
		HideSolutionNode = FALSE
	EndGlobalSection
	GlobalSection(ExtensibilityGlobals) = postSolution
		SolutionGuid = {A4CC97B1-6BE6-41DC-8388-AC1FB47B2A5D}
	EndGlobalSection
EndGlobal
