
Microsoft Visual Studio Solution File, Format Version 12.00
# Visual Studio Version 17
VisualStudioVersion = 17.7.34009.444
MinimumVisualStudioVersion = 10.0.40219.1
Project("{9A19103F-16F7-4668-BE54-9A1E7A4F7556}") = "LogLevels", "LogLevels\LogLevels.csproj", "{2C6719C4-9F13-41E0-B681-35716EA19CF6}"
EndProject
Project("{9A19103F-16F7-4668-BE54-9A1E7A4F7556}") = "LogCategories", "LogCategories\LogCategories.csproj", "{8C8AA860-B985-4283-9B73-ADE72C49F485}"
EndProject
Project("{9A19103F-16F7-4668-BE54-9A1E7A4F7556}") = "LogProviders", "LogProviders\LogProviders.csproj", "{6540F6FE-D043-431C-A752-0E79D8F6C45A}"
EndProject
Project("{9A19103F-16F7-4668-BE54-9A1E7A4F7556}") = "LogMethods", "LogMethods\LogMethods.csproj", "{1940691F-3596-4CE7-ACE3-E4E7D9BF80AD}"
EndProject
Project("{9A19103F-16F7-4668-BE54-9A1E7A4F7556}") = "LogEventId", "LogEventId\LogEventId.csproj", "{48BBE081-B07C-4F8B-8970-896B84FFD0A9}"
EndProject
Project("{9A19103F-16F7-4668-BE54-9A1E7A4F7556}") = "LogConfigurationWithAppsettingsJson", "LogConfigurationWithAppsettingsJson\LogConfigurationWithAppsettingsJson.csproj", "{B6785CD5-B935-4E0C-98CD-351B1504DC37}"
EndProject
Project("{9A19103F-16F7-4668-BE54-9A1E7A4F7556}") = "LogExceptions", "LogExceptions\LogExceptions.csproj", "{0994BDFA-405F-4E5B-9BAD-FDAB1E1AC378}"
EndProject
Project("{9A19103F-16F7-4668-BE54-9A1E7A4F7556}") = "LogFilters", "LogFilters\LogFilters.csproj", "{2144CF16-9B6C-40B9-9C70-0C9D1E273DE8}"
EndProject
Project("{9A19103F-16F7-4668-BE54-9A1E7A4F7556}") = "CustomLogProvider", "CustomLogProvider\CustomLogProvider.csproj", "{434ED2A0-019F-47D8-9CC7-7EFDFA29BCEE}"
EndProject
Project("{9A19103F-16F7-4668-BE54-9A1E7A4F7556}") = "LogMessageTemplate", "LogMessageTemplate\LogMessageTemplate.csproj", "{CD63F0B5-FA5F-491E-95CA-EA365D87B9F4}"
EndProject
Project("{9A19103F-16F7-4668-BE54-9A1E7A4F7556}") = "LoggingComplexObjects", "LoggingComplexObjects\LoggingComplexObjects.csproj", "{AAA5198D-6C51-43C5-8CD2-84107248C895}"
EndProject
Project("{9A19103F-16F7-4668-BE54-9A1E7A4F7556}") = "LogScopes", "LogScopes\LogScopes.csproj", "{C43ADBE3-3E9C-4C0A-B574-3B6B4F726D78}"
EndProject
Project("{2150E333-8FDC-42A3-9474-1A3956D46DE8}") = "Serilog", "Serilog", "{19B3ADEF-CB12-444E-8D93-0E87B8EA847D}"
EndProject
Project("{9A19103F-16F7-4668-BE54-9A1E7A4F7556}") = "SerilogLogger", "SerilogLogger\SerilogLogger.csproj", "{A17E6A06-FB92-4BEF-9D07-DC0B573D449F}"
EndProject
Project("{9A19103F-16F7-4668-BE54-9A1E7A4F7556}") = "SerilogStaticLogger", "SerilogStaticLogger\SerilogStaticLogger.csproj", "{24F04CF6-BFD0-4C10-9533-436809608E31}"
EndProject
Project("{9A19103F-16F7-4668-BE54-9A1E7A4F7556}") = "SerilogWithDI", "SerilogWithDI\SerilogWithDI.csproj", "{47C8EDDA-83F8-47F8-A15A-17E9E1F1EAC6}"
EndProject
Project("{9A19103F-16F7-4668-BE54-9A1E7A4F7556}") = "SerilogMicrosoftBuiltInLoggerIntegration", "SerilogMicrosoftBuiltInLoggerIntegration\SerilogMicrosoftBuiltInLoggerIntegration.csproj", "{D539992A-167F-4776-8371-464A13D8CCA2}"
EndProject
Project("{9A19103F-16F7-4668-BE54-9A1E7A4F7556}") = "SerilogFileConfiguration", "SerilogFileConfiguration\SerilogFileConfiguration.csproj", "{82AB5DEE-8B36-4132-A115-F243A40F74FE}"
EndProject
Project("{9A19103F-16F7-4668-BE54-9A1E7A4F7556}") = "SerilogLogEnrichment", "SerilogLogEnrichment\SerilogLogEnrichment.csproj", "{3B213517-1BA8-4CE7-B75C-4D630CA763CF}"
EndProject
Project("{FAE04EC0-301F-11D3-BF4B-00C04F79EFBC}") = "SerilogStructuredData", "SerilogStructuredData\SerilogStructuredData.csproj", "{3C5BF847-2CB5-41A4-B744-DF835EC89477}"
EndProject
Project("{FAE04EC0-301F-11D3-BF4B-00C04F79EFBC}") = "SerilogTransformingStructuredData", "SerilogTransformingStructuredData\SerilogTransformingStructuredData.csproj", "{40987219-ABE9-476B-8EB5-3BDAB8951EE0}"
EndProject
Project("{FAE04EC0-301F-11D3-BF4B-00C04F79EFBC}") = "SerilogMaskingSensitiveData", "SerilogMaskingSensitiveData\SerilogMaskingSensitiveData.csproj", "{878208CC-BDD7-494D-BED2-CD81A6513AE8}"
EndProject
Project("{2150E333-8FDC-42A3-9474-1A3956D46DE8}") = "High Performance Logging", "High Performance Logging", "{B83AA09D-8278-4C01-B7DF-2B9C8CA0E23D}"
EndProject
Project("{FAE04EC0-301F-11D3-BF4B-00C04F79EFBC}") = "LogHighPerformance", "LogHighPerformance\LogHighPerformance.csproj", "{FFD10E32-5548-48E1-9EBD-EDB8593BA8D1}"
EndProject
Project("{FAE04EC0-301F-11D3-BF4B-00C04F79EFBC}") = "LoggingSoruceGenerator", "LoggingSoruceGenerator\LoggingSoruceGenerator.csproj", "{6DBCFBC8-3452-4D2D-8C68-1F7B3FAC69F3}"
EndProject
Global
	GlobalSection(SolutionConfigurationPlatforms) = preSolution
		Debug|Any CPU = Debug|Any CPU
		Release|Any CPU = Release|Any CPU
	EndGlobalSection
	GlobalSection(ProjectConfigurationPlatforms) = postSolution
		{2C6719C4-9F13-41E0-B681-35716EA19CF6}.Debug|Any CPU.ActiveCfg = Debug|Any CPU
		{2C6719C4-9F13-41E0-B681-35716EA19CF6}.Debug|Any CPU.Build.0 = Debug|Any CPU
		{2C6719C4-9F13-41E0-B681-35716EA19CF6}.Release|Any CPU.ActiveCfg = Release|Any CPU
		{2C6719C4-9F13-41E0-B681-35716EA19CF6}.Release|Any CPU.Build.0 = Release|Any CPU
		{8C8AA860-B985-4283-9B73-ADE72C49F485}.Debug|Any CPU.ActiveCfg = Debug|Any CPU
		{8C8AA860-B985-4283-9B73-ADE72C49F485}.Debug|Any CPU.Build.0 = Debug|Any CPU
		{8C8AA860-B985-4283-9B73-ADE72C49F485}.Release|Any CPU.ActiveCfg = Release|Any CPU
		{8C8AA860-B985-4283-9B73-ADE72C49F485}.Release|Any CPU.Build.0 = Release|Any CPU
		{6540F6FE-D043-431C-A752-0E79D8F6C45A}.Debug|Any CPU.ActiveCfg = Debug|Any CPU
		{6540F6FE-D043-431C-A752-0E79D8F6C45A}.Debug|Any CPU.Build.0 = Debug|Any CPU
		{6540F6FE-D043-431C-A752-0E79D8F6C45A}.Release|Any CPU.ActiveCfg = Release|Any CPU
		{6540F6FE-D043-431C-A752-0E79D8F6C45A}.Release|Any CPU.Build.0 = Release|Any CPU
		{1940691F-3596-4CE7-ACE3-E4E7D9BF80AD}.Debug|Any CPU.ActiveCfg = Debug|Any CPU
		{1940691F-3596-4CE7-ACE3-E4E7D9BF80AD}.Debug|Any CPU.Build.0 = Debug|Any CPU
		{1940691F-3596-4CE7-ACE3-E4E7D9BF80AD}.Release|Any CPU.ActiveCfg = Release|Any CPU
		{1940691F-3596-4CE7-ACE3-E4E7D9BF80AD}.Release|Any CPU.Build.0 = Release|Any CPU
		{48BBE081-B07C-4F8B-8970-896B84FFD0A9}.Debug|Any CPU.ActiveCfg = Debug|Any CPU
		{48BBE081-B07C-4F8B-8970-896B84FFD0A9}.Debug|Any CPU.Build.0 = Debug|Any CPU
		{48BBE081-B07C-4F8B-8970-896B84FFD0A9}.Release|Any CPU.ActiveCfg = Release|Any CPU
		{48BBE081-B07C-4F8B-8970-896B84FFD0A9}.Release|Any CPU.Build.0 = Release|Any CPU
		{B6785CD5-B935-4E0C-98CD-351B1504DC37}.Debug|Any CPU.ActiveCfg = Debug|Any CPU
		{B6785CD5-B935-4E0C-98CD-351B1504DC37}.Debug|Any CPU.Build.0 = Debug|Any CPU
		{B6785CD5-B935-4E0C-98CD-351B1504DC37}.Release|Any CPU.ActiveCfg = Release|Any CPU
		{B6785CD5-B935-4E0C-98CD-351B1504DC37}.Release|Any CPU.Build.0 = Release|Any CPU
		{0994BDFA-405F-4E5B-9BAD-FDAB1E1AC378}.Debug|Any CPU.ActiveCfg = Debug|Any CPU
		{0994BDFA-405F-4E5B-9BAD-FDAB1E1AC378}.Debug|Any CPU.Build.0 = Debug|Any CPU
		{0994BDFA-405F-4E5B-9BAD-FDAB1E1AC378}.Release|Any CPU.ActiveCfg = Release|Any CPU
		{0994BDFA-405F-4E5B-9BAD-FDAB1E1AC378}.Release|Any CPU.Build.0 = Release|Any CPU
		{2144CF16-9B6C-40B9-9C70-0C9D1E273DE8}.Debug|Any CPU.ActiveCfg = Debug|Any CPU
		{2144CF16-9B6C-40B9-9C70-0C9D1E273DE8}.Debug|Any CPU.Build.0 = Debug|Any CPU
		{2144CF16-9B6C-40B9-9C70-0C9D1E273DE8}.Release|Any CPU.ActiveCfg = Release|Any CPU
		{2144CF16-9B6C-40B9-9C70-0C9D1E273DE8}.Release|Any CPU.Build.0 = Release|Any CPU
		{434ED2A0-019F-47D8-9CC7-7EFDFA29BCEE}.Debug|Any CPU.ActiveCfg = Debug|Any CPU
		{434ED2A0-019F-47D8-9CC7-7EFDFA29BCEE}.Debug|Any CPU.Build.0 = Debug|Any CPU
		{434ED2A0-019F-47D8-9CC7-7EFDFA29BCEE}.Release|Any CPU.ActiveCfg = Release|Any CPU
		{434ED2A0-019F-47D8-9CC7-7EFDFA29BCEE}.Release|Any CPU.Build.0 = Release|Any CPU
		{CD63F0B5-FA5F-491E-95CA-EA365D87B9F4}.Debug|Any CPU.ActiveCfg = Debug|Any CPU
		{CD63F0B5-FA5F-491E-95CA-EA365D87B9F4}.Debug|Any CPU.Build.0 = Debug|Any CPU
		{CD63F0B5-FA5F-491E-95CA-EA365D87B9F4}.Release|Any CPU.ActiveCfg = Release|Any CPU
		{CD63F0B5-FA5F-491E-95CA-EA365D87B9F4}.Release|Any CPU.Build.0 = Release|Any CPU
		{AAA5198D-6C51-43C5-8CD2-84107248C895}.Debug|Any CPU.ActiveCfg = Debug|Any CPU
		{AAA5198D-6C51-43C5-8CD2-84107248C895}.Debug|Any CPU.Build.0 = Debug|Any CPU
		{AAA5198D-6C51-43C5-8CD2-84107248C895}.Release|Any CPU.ActiveCfg = Release|Any CPU
		{AAA5198D-6C51-43C5-8CD2-84107248C895}.Release|Any CPU.Build.0 = Release|Any CPU
		{C43ADBE3-3E9C-4C0A-B574-3B6B4F726D78}.Debug|Any CPU.ActiveCfg = Debug|Any CPU
		{C43ADBE3-3E9C-4C0A-B574-3B6B4F726D78}.Debug|Any CPU.Build.0 = Debug|Any CPU
		{C43ADBE3-3E9C-4C0A-B574-3B6B4F726D78}.Release|Any CPU.ActiveCfg = Release|Any CPU
		{C43ADBE3-3E9C-4C0A-B574-3B6B4F726D78}.Release|Any CPU.Build.0 = Release|Any CPU
		{A17E6A06-FB92-4BEF-9D07-DC0B573D449F}.Debug|Any CPU.ActiveCfg = Debug|Any CPU
		{A17E6A06-FB92-4BEF-9D07-DC0B573D449F}.Debug|Any CPU.Build.0 = Debug|Any CPU
		{A17E6A06-FB92-4BEF-9D07-DC0B573D449F}.Release|Any CPU.ActiveCfg = Release|Any CPU
		{A17E6A06-FB92-4BEF-9D07-DC0B573D449F}.Release|Any CPU.Build.0 = Release|Any CPU
		{24F04CF6-BFD0-4C10-9533-436809608E31}.Debug|Any CPU.ActiveCfg = Debug|Any CPU
		{24F04CF6-BFD0-4C10-9533-436809608E31}.Debug|Any CPU.Build.0 = Debug|Any CPU
		{24F04CF6-BFD0-4C10-9533-436809608E31}.Release|Any CPU.ActiveCfg = Release|Any CPU
		{24F04CF6-BFD0-4C10-9533-436809608E31}.Release|Any CPU.Build.0 = Release|Any CPU
		{47C8EDDA-83F8-47F8-A15A-17E9E1F1EAC6}.Debug|Any CPU.ActiveCfg = Debug|Any CPU
		{47C8EDDA-83F8-47F8-A15A-17E9E1F1EAC6}.Debug|Any CPU.Build.0 = Debug|Any CPU
		{47C8EDDA-83F8-47F8-A15A-17E9E1F1EAC6}.Release|Any CPU.ActiveCfg = Release|Any CPU
		{47C8EDDA-83F8-47F8-A15A-17E9E1F1EAC6}.Release|Any CPU.Build.0 = Release|Any CPU
		{D539992A-167F-4776-8371-464A13D8CCA2}.Debug|Any CPU.ActiveCfg = Debug|Any CPU
		{D539992A-167F-4776-8371-464A13D8CCA2}.Debug|Any CPU.Build.0 = Debug|Any CPU
		{D539992A-167F-4776-8371-464A13D8CCA2}.Release|Any CPU.ActiveCfg = Release|Any CPU
		{D539992A-167F-4776-8371-464A13D8CCA2}.Release|Any CPU.Build.0 = Release|Any CPU
		{82AB5DEE-8B36-4132-A115-F243A40F74FE}.Debug|Any CPU.ActiveCfg = Debug|Any CPU
		{82AB5DEE-8B36-4132-A115-F243A40F74FE}.Debug|Any CPU.Build.0 = Debug|Any CPU
		{82AB5DEE-8B36-4132-A115-F243A40F74FE}.Release|Any CPU.ActiveCfg = Release|Any CPU
		{82AB5DEE-8B36-4132-A115-F243A40F74FE}.Release|Any CPU.Build.0 = Release|Any CPU
		{3B213517-1BA8-4CE7-B75C-4D630CA763CF}.Debug|Any CPU.ActiveCfg = Debug|Any CPU
		{3B213517-1BA8-4CE7-B75C-4D630CA763CF}.Debug|Any CPU.Build.0 = Debug|Any CPU
		{3B213517-1BA8-4CE7-B75C-4D630CA763CF}.Release|Any CPU.ActiveCfg = Release|Any CPU
		{3B213517-1BA8-4CE7-B75C-4D630CA763CF}.Release|Any CPU.Build.0 = Release|Any CPU
		{3C5BF847-2CB5-41A4-B744-DF835EC89477}.Debug|Any CPU.ActiveCfg = Debug|Any CPU
		{3C5BF847-2CB5-41A4-B744-DF835EC89477}.Debug|Any CPU.Build.0 = Debug|Any CPU
		{3C5BF847-2CB5-41A4-B744-DF835EC89477}.Release|Any CPU.ActiveCfg = Release|Any CPU
		{3C5BF847-2CB5-41A4-B744-DF835EC89477}.Release|Any CPU.Build.0 = Release|Any CPU
		{40987219-ABE9-476B-8EB5-3BDAB8951EE0}.Debug|Any CPU.ActiveCfg = Debug|Any CPU
		{40987219-ABE9-476B-8EB5-3BDAB8951EE0}.Debug|Any CPU.Build.0 = Debug|Any CPU
		{40987219-ABE9-476B-8EB5-3BDAB8951EE0}.Release|Any CPU.ActiveCfg = Release|Any CPU
		{40987219-ABE9-476B-8EB5-3BDAB8951EE0}.Release|Any CPU.Build.0 = Release|Any CPU
		{878208CC-BDD7-494D-BED2-CD81A6513AE8}.Debug|Any CPU.ActiveCfg = Debug|Any CPU
		{878208CC-BDD7-494D-BED2-CD81A6513AE8}.Debug|Any CPU.Build.0 = Debug|Any CPU
		{878208CC-BDD7-494D-BED2-CD81A6513AE8}.Release|Any CPU.ActiveCfg = Release|Any CPU
		{878208CC-BDD7-494D-BED2-CD81A6513AE8}.Release|Any CPU.Build.0 = Release|Any CPU
		{FFD10E32-5548-48E1-9EBD-EDB8593BA8D1}.Debug|Any CPU.ActiveCfg = Debug|Any CPU
		{FFD10E32-5548-48E1-9EBD-EDB8593BA8D1}.Debug|Any CPU.Build.0 = Debug|Any CPU
		{FFD10E32-5548-48E1-9EBD-EDB8593BA8D1}.Release|Any CPU.ActiveCfg = Release|Any CPU
		{FFD10E32-5548-48E1-9EBD-EDB8593BA8D1}.Release|Any CPU.Build.0 = Release|Any CPU
		{6DBCFBC8-3452-4D2D-8C68-1F7B3FAC69F3}.Debug|Any CPU.ActiveCfg = Debug|Any CPU
		{6DBCFBC8-3452-4D2D-8C68-1F7B3FAC69F3}.Debug|Any CPU.Build.0 = Debug|Any CPU
		{6DBCFBC8-3452-4D2D-8C68-1F7B3FAC69F3}.Release|Any CPU.ActiveCfg = Release|Any CPU
		{6DBCFBC8-3452-4D2D-8C68-1F7B3FAC69F3}.Release|Any CPU.Build.0 = Release|Any CPU
	EndGlobalSection
	GlobalSection(SolutionProperties) = preSolution
		HideSolutionNode = FALSE
	EndGlobalSection
	GlobalSection(NestedProjects) = preSolution
		{A17E6A06-FB92-4BEF-9D07-DC0B573D449F} = {19B3ADEF-CB12-444E-8D93-0E87B8EA847D}
		{24F04CF6-BFD0-4C10-9533-436809608E31} = {19B3ADEF-CB12-444E-8D93-0E87B8EA847D}
		{47C8EDDA-83F8-47F8-A15A-17E9E1F1EAC6} = {19B3ADEF-CB12-444E-8D93-0E87B8EA847D}
		{D539992A-167F-4776-8371-464A13D8CCA2} = {19B3ADEF-CB12-444E-8D93-0E87B8EA847D}
		{82AB5DEE-8B36-4132-A115-F243A40F74FE} = {19B3ADEF-CB12-444E-8D93-0E87B8EA847D}
		{3B213517-1BA8-4CE7-B75C-4D630CA763CF} = {19B3ADEF-CB12-444E-8D93-0E87B8EA847D}
		{3C5BF847-2CB5-41A4-B744-DF835EC89477} = {19B3ADEF-CB12-444E-8D93-0E87B8EA847D}
		{40987219-ABE9-476B-8EB5-3BDAB8951EE0} = {19B3ADEF-CB12-444E-8D93-0E87B8EA847D}
		{878208CC-BDD7-494D-BED2-CD81A6513AE8} = {19B3ADEF-CB12-444E-8D93-0E87B8EA847D}
		{FFD10E32-5548-48E1-9EBD-EDB8593BA8D1} = {B83AA09D-8278-4C01-B7DF-2B9C8CA0E23D}
		{6DBCFBC8-3452-4D2D-8C68-1F7B3FAC69F3} = {B83AA09D-8278-4C01-B7DF-2B9C8CA0E23D}
	EndGlobalSection
	GlobalSection(ExtensibilityGlobals) = postSolution
		SolutionGuid = {A4CC97B1-6BE6-41DC-8388-AC1FB47B2A5D}
	EndGlobalSection
EndGlobal
